
Microsoft Visual Studio Solution File, Format Version 12.00
# Visual Studio Version 17
VisualStudioVersion = 17.5.002.0
MinimumVisualStudioVersion = 10.0.40219.1
Project("{2150E333-8FDC-42A3-9474-1A3956D46DE8}") = "src", "src", "{5C498C4E-22B2-47B0-BC41-C5665535CCC1}"
EndProject
Project("{9A19103F-16F7-4668-BE54-9A1E7A4F7556}") = "SecretManagement.DpapiNG", "src\SecretManagement.DpapiNG\SecretManagement.DpapiNG.csproj", "{1DA885D9-AAB8-4B10-A27E-F065018110E7}"
EndProject
Project("{9A19103F-16F7-4668-BE54-9A1E7A4F7556}") = "SecretManagement.DpapiNG.Module", "src\SecretManagement.DpapiNG.Module\SecretManagement.DpapiNG.Module.csproj", "{7035653B-FF26-4D71-9166-D3EF18F75873}"
EndProject
Global
	GlobalSection(SolutionConfigurationPlatforms) = preSolution
		Debug|Any CPU = Debug|Any CPU
		Release|Any CPU = Release|Any CPU
	EndGlobalSection
	GlobalSection(ProjectConfigurationPlatforms) = postSolution
		{1DA885D9-AAB8-4B10-A27E-F065018110E7}.Debug|Any CPU.ActiveCfg = Debug|Any CPU
		{1DA885D9-AAB8-4B10-A27E-F065018110E7}.Debug|Any CPU.Build.0 = Debug|Any CPU
		{1DA885D9-AAB8-4B10-A27E-F065018110E7}.Release|Any CPU.ActiveCfg = Release|Any CPU
		{1DA885D9-AAB8-4B10-A27E-F065018110E7}.Release|Any CPU.Build.0 = Release|Any CPU
		{7035653B-FF26-4D71-9166-D3EF18F75873}.Debug|Any CPU.ActiveCfg = Debug|Any CPU
		{7035653B-FF26-4D71-9166-D3EF18F75873}.Debug|Any CPU.Build.0 = Debug|Any CPU
		{7035653B-FF26-4D71-9166-D3EF18F75873}.Release|Any CPU.ActiveCfg = Release|Any CPU
		{7035653B-FF26-4D71-9166-D3EF18F75873}.Release|Any CPU.Build.0 = Release|Any CPU
	EndGlobalSection
	GlobalSection(SolutionProperties) = preSolution
		HideSolutionNode = FALSE
	EndGlobalSection
	GlobalSection(NestedProjects) = preSolution
		{1DA885D9-AAB8-4B10-A27E-F065018110E7} = {5C498C4E-22B2-47B0-BC41-C5665535CCC1}
		{7035653B-FF26-4D71-9166-D3EF18F75873} = {5C498C4E-22B2-47B0-BC41-C5665535CCC1}
	EndGlobalSection
	GlobalSection(ExtensibilityGlobals) = postSolution
		SolutionGuid = {93E7AC3C-13C7-4F5C-A68D-CC23C7A357D6}
	EndGlobalSection
EndGlobal
